// !$*UTF8*$!
{
	archiveVersion = 1;
	classes = {
	};
	objectVersion = 56;
	objects = {

/* Begin PBXBuildFile section */
		FB40F0B82A43135900C03672 /* AppDelegate.swift in Sources */ = {isa = PBXBuildFile; fileRef = FB40F0B72A43135900C03672 /* AppDelegate.swift */; };
		FB40F0BA2A43135900C03672 /* SceneDelegate.swift in Sources */ = {isa = PBXBuildFile; fileRef = FB40F0B92A43135900C03672 /* SceneDelegate.swift */; };
		FB40F0BC2A43135900C03672 /* CalendarViewController.swift in Sources */ = {isa = PBXBuildFile; fileRef = FB40F0BB2A43135900C03672 /* CalendarViewController.swift */; };
		FB40F0C22A43135900C03672 /* WorkOut.xcdatamodeld in Sources */ = {isa = PBXBuildFile; fileRef = FB40F0C02A43135900C03672 /* WorkOut.xcdatamodeld */; };
		FB40F0C42A43135B00C03672 /* Assets.xcassets in Resources */ = {isa = PBXBuildFile; fileRef = FB40F0C32A43135B00C03672 /* Assets.xcassets */; };
		FB40F0C72A43135B00C03672 /* LaunchScreen.storyboard in Resources */ = {isa = PBXBuildFile; fileRef = FB40F0C52A43135B00C03672 /* LaunchScreen.storyboard */; };
		FB40F0D42A432D8500C03672 /* Weekday.swift in Sources */ = {isa = PBXBuildFile; fileRef = FB40F0D32A432D8500C03672 /* Weekday.swift */; };
		FB40F0D82A440FD500C03672 /* extension + Date.swift in Sources */ = {isa = PBXBuildFile; fileRef = FB40F0D72A440FD500C03672 /* extension + Date.swift */; };
		FB40F0DB2A4410D500C03672 /* CalendarView.swift in Sources */ = {isa = PBXBuildFile; fileRef = FB40F0DA2A4410D500C03672 /* CalendarView.swift */; };
		FB40F0DD2A44178300C03672 /* WeekdayStackView.swift in Sources */ = {isa = PBXBuildFile; fileRef = FB40F0DC2A44178300C03672 /* WeekdayStackView.swift */; };
		FB40F0DF2A442C2100C03672 /* CalendarCell.swift in Sources */ = {isa = PBXBuildFile; fileRef = FB40F0DE2A442C2100C03672 /* CalendarCell.swift */; };
/* End PBXBuildFile section */

/* Begin PBXFileReference section */
		FB40F0B42A43135900C03672 /* WorkOut.app */ = {isa = PBXFileReference; explicitFileType = wrapper.application; includeInIndex = 0; path = WorkOut.app; sourceTree = BUILT_PRODUCTS_DIR; };
		FB40F0B72A43135900C03672 /* AppDelegate.swift */ = {isa = PBXFileReference; lastKnownFileType = sourcecode.swift; path = AppDelegate.swift; sourceTree = "<group>"; };
		FB40F0B92A43135900C03672 /* SceneDelegate.swift */ = {isa = PBXFileReference; lastKnownFileType = sourcecode.swift; path = SceneDelegate.swift; sourceTree = "<group>"; };
		FB40F0BB2A43135900C03672 /* CalendarViewController.swift */ = {isa = PBXFileReference; lastKnownFileType = sourcecode.swift; path = CalendarViewController.swift; sourceTree = "<group>"; };
		FB40F0C12A43135900C03672 /* WorkOut.xcdatamodel */ = {isa = PBXFileReference; lastKnownFileType = wrapper.xcdatamodel; path = WorkOut.xcdatamodel; sourceTree = "<group>"; };
		FB40F0C32A43135B00C03672 /* Assets.xcassets */ = {isa = PBXFileReference; lastKnownFileType = folder.assetcatalog; path = Assets.xcassets; sourceTree = "<group>"; };
		FB40F0C62A43135B00C03672 /* Base */ = {isa = PBXFileReference; lastKnownFileType = file.storyboard; name = Base; path = Base.lproj/LaunchScreen.storyboard; sourceTree = "<group>"; };
		FB40F0C82A43135B00C03672 /* Info.plist */ = {isa = PBXFileReference; lastKnownFileType = text.plist.xml; path = Info.plist; sourceTree = "<group>"; };
		FB40F0D12A43294F00C03672 /* .swiftlint.yml */ = {isa = PBXFileReference; lastKnownFileType = text.yaml; path = .swiftlint.yml; sourceTree = "<group>"; };
		FB40F0D32A432D8500C03672 /* Weekday.swift */ = {isa = PBXFileReference; lastKnownFileType = sourcecode.swift; path = Weekday.swift; sourceTree = "<group>"; };
		FB40F0D72A440FD500C03672 /* extension + Date.swift */ = {isa = PBXFileReference; lastKnownFileType = sourcecode.swift; path = "extension + Date.swift"; sourceTree = "<group>"; };
		FB40F0DA2A4410D500C03672 /* CalendarView.swift */ = {isa = PBXFileReference; lastKnownFileType = sourcecode.swift; path = CalendarView.swift; sourceTree = "<group>"; };
		FB40F0DC2A44178300C03672 /* WeekdayStackView.swift */ = {isa = PBXFileReference; lastKnownFileType = sourcecode.swift; path = WeekdayStackView.swift; sourceTree = "<group>"; };
		FB40F0DE2A442C2100C03672 /* CalendarCell.swift */ = {isa = PBXFileReference; lastKnownFileType = sourcecode.swift; path = CalendarCell.swift; sourceTree = "<group>"; };
/* End PBXFileReference section */

/* Begin PBXFrameworksBuildPhase section */
		FB40F0B12A43135900C03672 /* Frameworks */ = {
			isa = PBXFrameworksBuildPhase;
			buildActionMask = 2147483647;
			files = (
			);
			runOnlyForDeploymentPostprocessing = 0;
		};
/* End PBXFrameworksBuildPhase section */

/* Begin PBXGroup section */
		FB40F0AB2A43135900C03672 = {
			isa = PBXGroup;
			children = (
				FB40F0D12A43294F00C03672 /* .swiftlint.yml */,
				FB40F0B62A43135900C03672 /* WorkOut */,
				FB40F0B52A43135900C03672 /* Products */,
			);
			sourceTree = "<group>";
		};
		FB40F0B52A43135900C03672 /* Products */ = {
			isa = PBXGroup;
			children = (
				FB40F0B42A43135900C03672 /* WorkOut.app */,
			);
			name = Products;
			sourceTree = "<group>";
		};
		FB40F0B62A43135900C03672 /* WorkOut */ = {
			isa = PBXGroup;
			children = (
				FB40F0D22A432D7A00C03672 /* Model */,
				FB40F0D92A4410A100C03672 /* View */,
				FB40F0E02A449B6000C03672 /* ViewController */,
				FB40F0B72A43135900C03672 /* AppDelegate.swift */,
				FB40F0B92A43135900C03672 /* SceneDelegate.swift */,
				FB40F0CE2A4316F400C03672 /* Resources */,
				FB40F0C82A43135B00C03672 /* Info.plist */,
				FB40F0C02A43135900C03672 /* WorkOut.xcdatamodeld */,
			);
			path = WorkOut;
			sourceTree = "<group>";
		};
		FB40F0CE2A4316F400C03672 /* Resources */ = {
			isa = PBXGroup;
			children = (
				FB40F0C52A43135B00C03672 /* LaunchScreen.storyboard */,
				FB40F0C32A43135B00C03672 /* Assets.xcassets */,
			);
			path = Resources;
			sourceTree = "<group>";
		};
		FB40F0D22A432D7A00C03672 /* Model */ = {
			isa = PBXGroup;
			children = (
				FB40F0D32A432D8500C03672 /* Weekday.swift */,
				FB40F0D72A440FD500C03672 /* extension + Date.swift */,
			);
			path = Model;
			sourceTree = "<group>";
		};
		FB40F0D92A4410A100C03672 /* View */ = {
			isa = PBXGroup;
			children = (
				FB40F0DA2A4410D500C03672 /* CalendarView.swift */,
				FB40F0DC2A44178300C03672 /* WeekdayStackView.swift */,
				FB40F0DE2A442C2100C03672 /* CalendarCell.swift */,
			);
			path = View;
			sourceTree = "<group>";
		};
		FB40F0E02A449B6000C03672 /* ViewController */ = {
			isa = PBXGroup;
			children = (
				FB40F0BB2A43135900C03672 /* CalendarViewController.swift */,
			);
			path = ViewController;
			sourceTree = "<group>";
		};
/* End PBXGroup section */

/* Begin PBXNativeTarget section */
		FB40F0B32A43135900C03672 /* WorkOut */ = {
			isa = PBXNativeTarget;
			buildConfigurationList = FB40F0CB2A43135B00C03672 /* Build configuration list for PBXNativeTarget "WorkOut" */;
			buildPhases = (
				FB40F0B02A43135900C03672 /* Sources */,
				FB40F0B12A43135900C03672 /* Frameworks */,
				FB40F0B22A43135900C03672 /* Resources */,
				FB40F0D02A43290700C03672 /* ShellScript */,
			);
			buildRules = (
			);
			dependencies = (
			);
			name = WorkOut;
			productName = WorkOut;
			productReference = FB40F0B42A43135900C03672 /* WorkOut.app */;
			productType = "com.apple.product-type.application";
		};
/* End PBXNativeTarget section */

/* Begin PBXProject section */
		FB40F0AC2A43135900C03672 /* Project object */ = {
			isa = PBXProject;
			attributes = {
				BuildIndependentTargetsInParallel = 1;
				LastSwiftUpdateCheck = 1430;
				LastUpgradeCheck = 1430;
				TargetAttributes = {
					FB40F0B32A43135900C03672 = {
						CreatedOnToolsVersion = 14.3;
					};
				};
			};
			buildConfigurationList = FB40F0AF2A43135900C03672 /* Build configuration list for PBXProject "WorkOut" */;
			compatibilityVersion = "Xcode 14.0";
			developmentRegion = en;
			hasScannedForEncodings = 0;
			knownRegions = (
				en,
				Base,
			);
			mainGroup = FB40F0AB2A43135900C03672;
			productRefGroup = FB40F0B52A43135900C03672 /* Products */;
			projectDirPath = "";
			projectRoot = "";
			targets = (
				FB40F0B32A43135900C03672 /* WorkOut */,
			);
		};
/* End PBXProject section */

/* Begin PBXResourcesBuildPhase section */
		FB40F0B22A43135900C03672 /* Resources */ = {
			isa = PBXResourcesBuildPhase;
			buildActionMask = 2147483647;
			files = (
				FB40F0C72A43135B00C03672 /* LaunchScreen.storyboard in Resources */,
				FB40F0C42A43135B00C03672 /* Assets.xcassets in Resources */,
			);
			runOnlyForDeploymentPostprocessing = 0;
		};
/* End PBXResourcesBuildPhase section */

/* Begin PBXShellScriptBuildPhase section */
		FB40F0D02A43290700C03672 /* ShellScript */ = {
			isa = PBXShellScriptBuildPhase;
			buildActionMask = 2147483647;
			files = (
			);
			inputFileListPaths = (
			);
			inputPaths = (
			);
			outputFileListPaths = (
			);
			outputPaths = (
			);
			runOnlyForDeploymentPostprocessing = 0;
			shellPath = /bin/sh;
			shellScript = "export PATH=\"$PATH:/opt/homebrew/bin\"\nif which swiftlint >/dev/null; then\n    swiftlint\nelse \n    echo \"warning: SwiftLint not installed, download form https://github.com/realm/SwiftLint\"\nfi\n";
		};
/* End PBXShellScriptBuildPhase section */

/* Begin PBXSourcesBuildPhase section */
		FB40F0B02A43135900C03672 /* Sources */ = {
			isa = PBXSourcesBuildPhase;
			buildActionMask = 2147483647;
			files = (
				FB40F0BC2A43135900C03672 /* CalendarViewController.swift in Sources */,
				FB40F0B82A43135900C03672 /* AppDelegate.swift in Sources */,
				FB40F0BA2A43135900C03672 /* SceneDelegate.swift in Sources */,
				FB40F0D42A432D8500C03672 /* Weekday.swift in Sources */,
				FB40F0DB2A4410D500C03672 /* CalendarView.swift in Sources */,
				FB40F0DD2A44178300C03672 /* WeekdayStackView.swift in Sources */,
				FB40F0C22A43135900C03672 /* WorkOut.xcdatamodeld in Sources */,
				FB40F0D82A440FD500C03672 /* extension + Date.swift in Sources */,
				FB40F0DF2A442C2100C03672 /* CalendarCell.swift in Sources */,
			);
			runOnlyForDeploymentPostprocessing = 0;
		};
/* End PBXSourcesBuildPhase section */

/* Begin PBXVariantGroup section */
		FB40F0C52A43135B00C03672 /* LaunchScreen.storyboard */ = {
			isa = PBXVariantGroup;
			children = (
				FB40F0C62A43135B00C03672 /* Base */,
			);
			name = LaunchScreen.storyboard;
			sourceTree = "<group>";
		};
/* End PBXVariantGroup section */

/* Begin XCBuildConfiguration section */
		FB40F0C92A43135B00C03672 /* Debug */ = {
			isa = XCBuildConfiguration;
			buildSettings = {
				ALWAYS_SEARCH_USER_PATHS = NO;
				CLANG_ANALYZER_NONNULL = YES;
				CLANG_ANALYZER_NUMBER_OBJECT_CONVERSION = YES_AGGRESSIVE;
				CLANG_CXX_LANGUAGE_STANDARD = "gnu++20";
				CLANG_ENABLE_MODULES = YES;
				CLANG_ENABLE_OBJC_ARC = YES;
				CLANG_ENABLE_OBJC_WEAK = YES;
				CLANG_WARN_BLOCK_CAPTURE_AUTORELEASING = YES;
				CLANG_WARN_BOOL_CONVERSION = YES;
				CLANG_WARN_COMMA = YES;
				CLANG_WARN_CONSTANT_CONVERSION = YES;
				CLANG_WARN_DEPRECATED_OBJC_IMPLEMENTATIONS = YES;
				CLANG_WARN_DIRECT_OBJC_ISA_USAGE = YES_ERROR;
				CLANG_WARN_DOCUMENTATION_COMMENTS = YES;
				CLANG_WARN_EMPTY_BODY = YES;
				CLANG_WARN_ENUM_CONVERSION = YES;
				CLANG_WARN_INFINITE_RECURSION = YES;
				CLANG_WARN_INT_CONVERSION = YES;
				CLANG_WARN_NON_LITERAL_NULL_CONVERSION = YES;
				CLANG_WARN_OBJC_IMPLICIT_RETAIN_SELF = YES;
				CLANG_WARN_OBJC_LITERAL_CONVERSION = YES;
				CLANG_WARN_OBJC_ROOT_CLASS = YES_ERROR;
				CLANG_WARN_QUOTED_INCLUDE_IN_FRAMEWORK_HEADER = YES;
				CLANG_WARN_RANGE_LOOP_ANALYSIS = YES;
				CLANG_WARN_STRICT_PROTOTYPES = YES;
				CLANG_WARN_SUSPICIOUS_MOVE = YES;
				CLANG_WARN_UNGUARDED_AVAILABILITY = YES_AGGRESSIVE;
				CLANG_WARN_UNREACHABLE_CODE = YES;
				CLANG_WARN__DUPLICATE_METHOD_MATCH = YES;
				COPY_PHASE_STRIP = NO;
				DEBUG_INFORMATION_FORMAT = dwarf;
				ENABLE_STRICT_OBJC_MSGSEND = YES;
				ENABLE_TESTABILITY = YES;
				GCC_C_LANGUAGE_STANDARD = gnu11;
				GCC_DYNAMIC_NO_PIC = NO;
				GCC_NO_COMMON_BLOCKS = YES;
				GCC_OPTIMIZATION_LEVEL = 0;
				GCC_PREPROCESSOR_DEFINITIONS = (
					"DEBUG=1",
					"$(inherited)",
				);
				GCC_WARN_64_TO_32_BIT_CONVERSION = YES;
				GCC_WARN_ABOUT_RETURN_TYPE = YES_ERROR;
				GCC_WARN_UNDECLARED_SELECTOR = YES;
				GCC_WARN_UNINITIALIZED_AUTOS = YES_AGGRESSIVE;
				GCC_WARN_UNUSED_FUNCTION = YES;
				GCC_WARN_UNUSED_VARIABLE = YES;
				IPHONEOS_DEPLOYMENT_TARGET = 16.4;
				MTL_ENABLE_DEBUG_INFO = INCLUDE_SOURCE;
				MTL_FAST_MATH = YES;
				ONLY_ACTIVE_ARCH = YES;
				SDKROOT = iphoneos;
				SWIFT_ACTIVE_COMPILATION_CONDITIONS = DEBUG;
				SWIFT_OPTIMIZATION_LEVEL = "-Onone";
			};
			name = Debug;
		};
		FB40F0CA2A43135B00C03672 /* Release */ = {
			isa = XCBuildConfiguration;
			buildSettings = {
				ALWAYS_SEARCH_USER_PATHS = NO;
				CLANG_ANALYZER_NONNULL = YES;
				CLANG_ANALYZER_NUMBER_OBJECT_CONVERSION = YES_AGGRESSIVE;
				CLANG_CXX_LANGUAGE_STANDARD = "gnu++20";
				CLANG_ENABLE_MODULES = YES;
				CLANG_ENABLE_OBJC_ARC = YES;
				CLANG_ENABLE_OBJC_WEAK = YES;
				CLANG_WARN_BLOCK_CAPTURE_AUTORELEASING = YES;
				CLANG_WARN_BOOL_CONVERSION = YES;
				CLANG_WARN_COMMA = YES;
				CLANG_WARN_CONSTANT_CONVERSION = YES;
				CLANG_WARN_DEPRECATED_OBJC_IMPLEMENTATIONS = YES;
				CLANG_WARN_DIRECT_OBJC_ISA_USAGE = YES_ERROR;
				CLANG_WARN_DOCUMENTATION_COMMENTS = YES;
				CLANG_WARN_EMPTY_BODY = YES;
				CLANG_WARN_ENUM_CONVERSION = YES;
				CLANG_WARN_INFINITE_RECURSION = YES;
				CLANG_WARN_INT_CONVERSION = YES;
				CLANG_WARN_NON_LITERAL_NULL_CONVERSION = YES;
				CLANG_WARN_OBJC_IMPLICIT_RETAIN_SELF = YES;
				CLANG_WARN_OBJC_LITERAL_CONVERSION = YES;
				CLANG_WARN_OBJC_ROOT_CLASS = YES_ERROR;
				CLANG_WARN_QUOTED_INCLUDE_IN_FRAMEWORK_HEADER = YES;
				CLANG_WARN_RANGE_LOOP_ANALYSIS = YES;
				CLANG_WARN_STRICT_PROTOTYPES = YES;
				CLANG_WARN_SUSPICIOUS_MOVE = YES;
				CLANG_WARN_UNGUARDED_AVAILABILITY = YES_AGGRESSIVE;
				CLANG_WARN_UNREACHABLE_CODE = YES;
				CLANG_WARN__DUPLICATE_METHOD_MATCH = YES;
				COPY_PHASE_STRIP = NO;
				DEBUG_INFORMATION_FORMAT = "dwarf-with-dsym";
				ENABLE_NS_ASSERTIONS = NO;
				ENABLE_STRICT_OBJC_MSGSEND = YES;
				GCC_C_LANGUAGE_STANDARD = gnu11;
				GCC_NO_COMMON_BLOCKS = YES;
				GCC_WARN_64_TO_32_BIT_CONVERSION = YES;
				GCC_WARN_ABOUT_RETURN_TYPE = YES_ERROR;
				GCC_WARN_UNDECLARED_SELECTOR = YES;
				GCC_WARN_UNINITIALIZED_AUTOS = YES_AGGRESSIVE;
				GCC_WARN_UNUSED_FUNCTION = YES;
				GCC_WARN_UNUSED_VARIABLE = YES;
				IPHONEOS_DEPLOYMENT_TARGET = 16.4;
				MTL_ENABLE_DEBUG_INFO = NO;
				MTL_FAST_MATH = YES;
				SDKROOT = iphoneos;
				SWIFT_COMPILATION_MODE = wholemodule;
				SWIFT_OPTIMIZATION_LEVEL = "-O";
				VALIDATE_PRODUCT = YES;
			};
			name = Release;
		};
		FB40F0CC2A43135B00C03672 /* Debug */ = {
			isa = XCBuildConfiguration;
			buildSettings = {
				ASSETCATALOG_COMPILER_APPICON_NAME = AppIcon;
				ASSETCATALOG_COMPILER_GLOBAL_ACCENT_COLOR_NAME = AccentColor;
				CODE_SIGN_STYLE = Automatic;
				CURRENT_PROJECT_VERSION = 1;
				GENERATE_INFOPLIST_FILE = YES;
				INFOPLIST_FILE = WorkOut/Info.plist;
				INFOPLIST_KEY_UIApplicationSupportsIndirectInputEvents = YES;
				INFOPLIST_KEY_UILaunchStoryboardName = LaunchScreen;
				INFOPLIST_KEY_UISupportedInterfaceOrientations_iPad = "UIInterfaceOrientationPortrait UIInterfaceOrientationPortraitUpsideDown UIInterfaceOrientationLandscapeLeft UIInterfaceOrientationLandscapeRight";
				INFOPLIST_KEY_UISupportedInterfaceOrientations_iPhone = "UIInterfaceOrientationPortrait UIInterfaceOrientationLandscapeLeft UIInterfaceOrientationLandscapeRight";
				IPHONEOS_DEPLOYMENT_TARGET = 14.0;
				LD_RUNPATH_SEARCH_PATHS = (
					"$(inherited)",
					"@executable_path/Frameworks",
				);
				MARKETING_VERSION = 1.0;
				PRODUCT_BUNDLE_IDENTIFIER = net.riji.WorkOut;
				PRODUCT_NAME = "$(TARGET_NAME)";
				SWIFT_EMIT_LOC_STRINGS = YES;
				SWIFT_VERSION = 5.0;
				TARGETED_DEVICE_FAMILY = "1,2";
			};
			name = Debug;
		};
		FB40F0CD2A43135B00C03672 /* Release */ = {
			isa = XCBuildConfiguration;
			buildSettings = {
				ASSETCATALOG_COMPILER_APPICON_NAME = AppIcon;
				ASSETCATALOG_COMPILER_GLOBAL_ACCENT_COLOR_NAME = AccentColor;
				CODE_SIGN_STYLE = Automatic;
				CURRENT_PROJECT_VERSION = 1;
				GENERATE_INFOPLIST_FILE = YES;
				INFOPLIST_FILE = WorkOut/Info.plist;
				INFOPLIST_KEY_UIApplicationSupportsIndirectInputEvents = YES;
				INFOPLIST_KEY_UILaunchStoryboardName = LaunchScreen;
				INFOPLIST_KEY_UISupportedInterfaceOrientations_iPad = "UIInterfaceOrientationPortrait UIInterfaceOrientationPortraitUpsideDown UIInterfaceOrientationLandscapeLeft UIInterfaceOrientationLandscapeRight";
				INFOPLIST_KEY_UISupportedInterfaceOrientations_iPhone = "UIInterfaceOrientationPortrait UIInterfaceOrientationLandscapeLeft UIInterfaceOrientationLandscapeRight";
				IPHONEOS_DEPLOYMENT_TARGET = 14.0;
				LD_RUNPATH_SEARCH_PATHS = (
					"$(inherited)",
					"@executable_path/Frameworks",
				);
				MARKETING_VERSION = 1.0;
				PRODUCT_BUNDLE_IDENTIFIER = net.riji.WorkOut;
				PRODUCT_NAME = "$(TARGET_NAME)";
				SWIFT_EMIT_LOC_STRINGS = YES;
				SWIFT_VERSION = 5.0;
				TARGETED_DEVICE_FAMILY = "1,2";
			};
			name = Release;
		};
/* End XCBuildConfiguration section */

/* Begin XCConfigurationList section */
		FB40F0AF2A43135900C03672 /* Build configuration list for PBXProject "WorkOut" */ = {
			isa = XCConfigurationList;
			buildConfigurations = (
				FB40F0C92A43135B00C03672 /* Debug */,
				FB40F0CA2A43135B00C03672 /* Release */,
			);
			defaultConfigurationIsVisible = 0;
			defaultConfigurationName = Release;
		};
		FB40F0CB2A43135B00C03672 /* Build configuration list for PBXNativeTarget "WorkOut" */ = {
			isa = XCConfigurationList;
			buildConfigurations = (
				FB40F0CC2A43135B00C03672 /* Debug */,
				FB40F0CD2A43135B00C03672 /* Release */,
			);
			defaultConfigurationIsVisible = 0;
			defaultConfigurationName = Release;
		};
/* End XCConfigurationList section */

/* Begin XCVersionGroup section */
		FB40F0C02A43135900C03672 /* WorkOut.xcdatamodeld */ = {
			isa = XCVersionGroup;
			children = (
				FB40F0C12A43135900C03672 /* WorkOut.xcdatamodel */,
			);
			currentVersion = FB40F0C12A43135900C03672 /* WorkOut.xcdatamodel */;
			path = WorkOut.xcdatamodeld;
			sourceTree = "<group>";
			versionGroupType = wrapper.xcdatamodel;
		};
/* End XCVersionGroup section */
	};
	rootObject = FB40F0AC2A43135900C03672 /* Project object */;
}
